
Microsoft Visual Studio Solution File, Format Version 12.00
# Visual Studio 15
VisualStudioVersion = 15.0.27004.2002
MinimumVisualStudioVersion = 10.0.40219.1
Project("{8BC9CEB8-8B4A-11D0-8D11-00A0C91BC942}") = "antenna_switch_mbed", "antenna_switch_mbed\antenna_switch_mbed.vcxproj", "{2922A6D5-A8A4-4206-81C4-E4E667A5A2EB}"
EndProject
Global
	GlobalSection(SolutionConfigurationPlatforms) = preSolution
		Debug|x86 = Debug|x86
		Release|x86 = Release|x86
	EndGlobalSection
	GlobalSection(ProjectConfigurationPlatforms) = postSolution
		{2922A6D5-A8A4-4206-81C4-E4E667A5A2EB}.Debug|x64.ActiveCfg = Debug|Win32
		{2922A6D5-A8A4-4206-81C4-E4E667A5A2EB}.Debug|x86.ActiveCfg = Debug|Win32
		{2922A6D5-A8A4-4206-81C4-E4E667A5A2EB}.Debug|x86.Build.0 = Debug|Win32
		{2922A6D5-A8A4-4206-81C4-E4E667A5A2EB}.Release|x64.ActiveCfg = Release|Win32
		{2922A6D5-A8A4-4206-81C4-E4E667A5A2EB}.Release|x86.ActiveCfg = Release|Win32
		{2922A6D5-A8A4-4206-81C4-E4E667A5A2EB}.Release|x86.Build.0 = Release|Win32
	EndGlobalSection
	GlobalSection(SolutionProperties) = preSolution
		HideSolutionNode = FALSE
	EndGlobalSection
	GlobalSection(ExtensibilityGlobals) = postSolution
		SolutionGuid = {DA02A7FE-384F-48D1-93D9-CABBBADDF033}
	EndGlobalSection
EndGlobal
